
Microsoft Visual Studio Solution File, Format Version 12.00
# Visual Studio Version 16
VisualStudioVersion = 16.0.30717.126
MinimumVisualStudioVersion = 10.0.40219.1
Project("{FAE04EC0-301F-11D3-BF4B-00C04F79EFBC}") = "PcCleaner", "PcCleaner\PcCleaner.csproj", "{7DEBB371-9C3C-45DE-A7D5-6C22BD8011F7}"
EndProject
Global
	GlobalSection(SolutionConfigurationPlatforms) = preSolution
		Debug|Any CPU = Debug|Any CPU
		Release|Any CPU = Release|Any CPU
	EndGlobalSection
	GlobalSection(ProjectConfigurationPlatforms) = postSolution
		{7DEBB371-9C3C-45DE-A7D5-6C22BD8011F7}.Debug|Any CPU.ActiveCfg = Debug|Any CPU
		{7DEBB371-9C3C-45DE-A7D5-6C22BD8011F7}.Debug|Any CPU.Build.0 = Debug|Any CPU
		{7DEBB371-9C3C-45DE-A7D5-6C22BD8011F7}.Release|Any CPU.ActiveCfg = Release|Any CPU
		{7DEBB371-9C3C-45DE-A7D5-6C22BD8011F7}.Release|Any CPU.Build.0 = Release|Any CPU
	EndGlobalSection
	GlobalSection(SolutionProperties) = preSolution
		HideSolutionNode = FALSE
	EndGlobalSection
	GlobalSection(ExtensibilityGlobals) = postSolution
		SolutionGuid = {41E6D792-6434-4C5F-A25D-9E249FDF9598}
	EndGlobalSection
EndGlobal
