
Microsoft Visual Studio Solution File, Format Version 12.00
# Visual Studio Version 16
VisualStudioVersion = 16.0.30717.126
MinimumVisualStudioVersion = 10.0.40219.1
Project("{FAE04EC0-301F-11D3-BF4B-00C04F79EFBC}") = "PcCleaner", "PcCleaner\PcCleaner.csproj", "{7D8FE0B2-5077-45E0-8A10-C1948CCB33C9}"
EndProject
Global
	GlobalSection(SolutionConfigurationPlatforms) = preSolution
		Debug|Any CPU = Debug|Any CPU
		Release|Any CPU = Release|Any CPU
	EndGlobalSection
	GlobalSection(ProjectConfigurationPlatforms) = postSolution
		{7D8FE0B2-5077-45E0-8A10-C1948CCB33C9}.Debug|Any CPU.ActiveCfg = Debug|Any CPU
		{7D8FE0B2-5077-45E0-8A10-C1948CCB33C9}.Debug|Any CPU.Build.0 = Debug|Any CPU
		{7D8FE0B2-5077-45E0-8A10-C1948CCB33C9}.Release|Any CPU.ActiveCfg = Release|Any CPU
		{7D8FE0B2-5077-45E0-8A10-C1948CCB33C9}.Release|Any CPU.Build.0 = Release|Any CPU
	EndGlobalSection
	GlobalSection(SolutionProperties) = preSolution
		HideSolutionNode = FALSE
	EndGlobalSection
	GlobalSection(ExtensibilityGlobals) = postSolution
		SolutionGuid = {5D04989E-9CBB-4786-BCC3-C885A46DDB96}
	EndGlobalSection
EndGlobal
